# THIS IS AN AUTOGENERATED FILE. DO NOT EDIT THIS FILE DIRECTLY.
# yarn lockfile v1


amqplib@^0.7.1:
  version "0.7.1"
  resolved "https://registry.yarnpkg.com/amqplib/-/amqplib-0.7.1.tgz#1ac60934cbddb445bdc9c648310a0d232a53b3af"
  integrity sha512-KePK3tTOLGU4emTo+PwSDMbc123jrxo13FpRpim1LzJoSlQrIBB2/kMeCC40jK/Zb0olHGaABjLqXDsdK46iLA==
  dependencies:
    bitsyntax "~0.1.0"
    bluebird "^3.7.2"
    buffer-more-ints "~1.0.0"
    readable-stream "1.x >=1.1.9"
    safe-buffer "~5.2.1"
    url-parse "~1.5.1"

bitsyntax@~0.1.0:
  version "0.1.0"
  resolved "https://registry.yarnpkg.com/bitsyntax/-/bitsyntax-0.1.0.tgz#b0c59acef03505de5a2ed62a2f763c56ae1d6205"
  integrity sha512-ikAdCnrloKmFOugAfxWws89/fPc+nw0OOG1IzIE72uSOg/A3cYptKCjSUhDTuj7fhsJtzkzlv7l3b8PzRHLN0Q==
  dependencies:
    buffer-more-ints "~1.0.0"
    debug "~2.6.9"
    safe-buffer "~5.1.2"

bluebird@^3.7.2:
  version "3.7.2"
  resolved "https://registry.yarnpkg.com/bluebird/-/bluebird-3.7.2.tgz#9f229c15be272454ffa973ace0dbee79a1b0c36f"
  integrity sha512-XpNj6GDQzdfW+r2Wnn7xiSAd7TM3jzkxGXBGTtWKuSXv1xUV+azxAm8jdWZN06QTQk+2N2XB9jRDkvbmQmcRtg==

buffer-more-ints@~1.0.0:
  version "1.0.0"
  resolved "https://registry.yarnpkg.com/buffer-more-ints/-/buffer-more-ints-1.0.0.tgz#ef4f8e2dddbad429ed3828a9c55d44f05c611422"
  integrity sha512-EMetuGFz5SLsT0QTnXzINh4Ksr+oo4i+UGTXEshiGCQWnsgSs7ZhJ8fzlwQ+OzEMs0MpDAMr1hxnblp5a4vcHg==

celery-node@^0.5.5:
  version "0.5.5"
  resolved "https://registry.yarnpkg.com/celery-node/-/celery-node-0.5.5.tgz#38f5299f36b21c479931fbcc6846b44545525362"
  integrity sha512-X/eVRr2C235d13pk+31esZOVLBcb0upGw5CrdkyVbPZ4poyJ7WXloOpkTe4ODmhqEhqjCM/rYqlOichLdhYtAA==
  dependencies:
    amqplib "^0.7.1"
    ioredis "^4.14.0"
    uuid "^3.3.2"

cluster-key-slot@^1.1.0:
  version "1.1.0"
  resolved "https://registry.yarnpkg.com/cluster-key-slot/-/cluster-key-slot-1.1.0.tgz#30474b2a981fb12172695833052bc0d01336d10d"
  integrity sha512-2Nii8p3RwAPiFwsnZvukotvow2rIHM+yQ6ZcBXGHdniadkYGZYiGmkHJIbZPIV9nfv7m/U1IPMVVcAhoWFeklw==

core-util-is@~1.0.0:
  version "1.0.2"
  resolved "https://registry.yarnpkg.com/core-util-is/-/core-util-is-1.0.2.tgz#b5fd54220aa2bc5ab57aab7140c940754503c1a7"
  integrity sha1-tf1UIgqivFq1eqtxQMlAdUUDwac=

debug@^4.3.1:
  version "4.3.1"
  resolved "https://registry.yarnpkg.com/debug/-/debug-4.3.1.tgz#f0d229c505e0c6d8c49ac553d1b13dc183f6b2ee"
  integrity sha512-doEwdvm4PCeK4K3RQN2ZC2BYUBaxwLARCqZmMjtF8a51J2Rb0xpVloFRnCODwqjpwnAoao4pelN8l3RJdv3gRQ==
  dependencies:
    ms "2.1.2"

debug@~2.6.9:
  version "2.6.9"
  resolved "https://registry.yarnpkg.com/debug/-/debug-2.6.9.tgz#5d128515df134ff327e90a4c93f4e077a536341f"
  integrity sha512-bC7ElrdJaJnPbAP+1EotYvqZsb3ecl5wi6Bfi6BJTUcNowp6cvspg0jXznRTKDjm/E7AdgFBVeAPVMNcKGsHMA==
  dependencies:
    ms "2.0.0"

denque@^1.1.0:
  version "1.5.0"
  resolved "https://registry.yarnpkg.com/denque/-/denque-1.5.0.tgz#773de0686ff2d8ec2ff92914316a47b73b1c73de"
  integrity sha512-CYiCSgIF1p6EUByQPlGkKnP1M9g0ZV3qMIrqMqZqdwazygIA/YP2vrbcyl1h/WppKJTdl1F85cXIle+394iDAQ==

inherits@~2.0.1:
  version "2.0.4"
  resolved "https://registry.yarnpkg.com/inherits/-/inherits-2.0.4.tgz#0fa2c64f932917c3433a0ded55363aae37416b7c"
  integrity sha512-k/vGaX4/Yla3WzyMCvTQOXYeIHvqOKtnqBduzTHpzpQZzAskKMhZ2K+EnBiSM9zGSoIFeMpXKxa4dYeZIQqewQ==

ioredis@^4.14.0:
  version "4.27.3"
  resolved "https://registry.yarnpkg.com/ioredis/-/ioredis-4.27.3.tgz#4a020c9056bf4e016c476910fb59620a0d899654"
  integrity sha512-eAirtUIljFkHJwuKQhbGajVrdCUMNKRuOrhzRFeYZRvXnLs4757Oss1S8aiheB4NSO1RsLeG+2RUjY/0/XiSig==
  dependencies:
    cluster-key-slot "^1.1.0"
    debug "^4.3.1"
    denque "^1.1.0"
    lodash.defaults "^4.2.0"
    lodash.flatten "^4.4.0"
    p-map "^2.1.0"
    redis-commands "1.7.0"
    redis-errors "^1.2.0"
    redis-parser "^3.0.0"
    standard-as-callback "^2.1.0"

isarray@0.0.1:
  version "0.0.1"
  resolved "https://registry.yarnpkg.com/isarray/-/isarray-0.0.1.tgz#8a18acfca9a8f4177e09abfc6038939b05d1eedf"
  integrity sha1-ihis/Kmo9Bd+Cav8YDiTmwXR7t8=

lodash.defaults@^4.2.0:
  version "4.2.0"
  resolved "https://registry.yarnpkg.com/lodash.defaults/-/lodash.defaults-4.2.0.tgz#d09178716ffea4dde9e5fb7b37f6f0802274580c"
  integrity sha1-0JF4cW/+pN3p5ft7N/bwgCJ0WAw=

lodash.flatten@^4.4.0:
  version "4.4.0"
  resolved "https://registry.yarnpkg.com/lodash.flatten/-/lodash.flatten-4.4.0.tgz#f31c22225a9632d2bbf8e4addbef240aa765a61f"
  integrity sha1-8xwiIlqWMtK7+OSt2+8kCqdlph8=

ms@2.0.0:
  version "2.0.0"
  resolved "https://registry.yarnpkg.com/ms/-/ms-2.0.0.tgz#5608aeadfc00be6c2901df5f9861788de0d597c8"
  integrity sha1-VgiurfwAvmwpAd9fmGF4jeDVl8g=

ms@2.1.2:
  version "2.1.2"
  resolved "https://registry.yarnpkg.com/ms/-/ms-2.1.2.tgz#d09d1f357b443f493382a8eb3ccd183872ae6009"
  integrity sha512-sGkPx+VjMtmA6MX27oA4FBFELFCZZ4S4XqeGOXCv68tT+jb3vk/RyaKWP0PTKyWtmLSM0b+adUTEvbs1PEaH2w==

p-map@^2.1.0:
  version "2.1.0"
  resolved "https://registry.yarnpkg.com/p-map/-/p-map-2.1.0.tgz#310928feef9c9ecc65b68b17693018a665cea175"
  integrity sha512-y3b8Kpd8OAN444hxfBbFfj1FY/RjtTd8tzYwhUqNYXx0fXx2iX4maP4Qr6qhIKbQXI02wTLAda4fYUbDagTUFw==

querystringify@^2.1.1:
  version "2.2.0"
  resolved "https://registry.yarnpkg.com/querystringify/-/querystringify-2.2.0.tgz#3345941b4153cb9d082d8eee4cda2016a9aef7f6"
  integrity sha512-FIqgj2EUvTa7R50u0rGsyTftzjYmv/a3hO345bZNrqabNqjtgiDMgmo4mkUjd+nzU5oF3dClKqFIPUKybUyqoQ==

"readable-stream@1.x >=1.1.9":
  version "1.1.14"
  resolved "https://registry.yarnpkg.com/readable-stream/-/readable-stream-1.1.14.tgz#7cf4c54ef648e3813084c636dd2079e166c081d9"
  integrity sha1-fPTFTvZI44EwhMY23SB54WbAgdk=
  dependencies:
    core-util-is "~1.0.0"
    inherits "~2.0.1"
    isarray "0.0.1"
    string_decoder "~0.10.x"

redis-commands@1.7.0:
  version "1.7.0"
  resolved "https://registry.yarnpkg.com/redis-commands/-/redis-commands-1.7.0.tgz#15a6fea2d58281e27b1cd1acfb4b293e278c3a89"
  integrity sha512-nJWqw3bTFy21hX/CPKHth6sfhZbdiHP6bTawSgQBlKOVRG7EZkfHbbHwQJnrE4vsQf0CMNE+3gJ4Fmm16vdVlQ==

redis-errors@^1.0.0, redis-errors@^1.2.0:
  version "1.2.0"
  resolved "https://registry.yarnpkg.com/redis-errors/-/redis-errors-1.2.0.tgz#eb62d2adb15e4eaf4610c04afe1529384250abad"
  integrity sha1-62LSrbFeTq9GEMBK/hUpOEJQq60=

redis-parser@^3.0.0:
  version "3.0.0"
  resolved "https://registry.yarnpkg.com/redis-parser/-/redis-parser-3.0.0.tgz#b66d828cdcafe6b4b8a428a7def4c6bcac31c8b4"
  integrity sha1-tm2CjNyv5rS4pCin3vTGvKwxyLQ=
  dependencies:
    redis-errors "^1.0.0"

requires-port@^1.0.0:
  version "1.0.0"
  resolved "https://registry.yarnpkg.com/requires-port/-/requires-port-1.0.0.tgz#925d2601d39ac485e091cf0da5c6e694dc3dcaff"
  integrity sha1-kl0mAdOaxIXgkc8NpcbmlNw9yv8=

safe-buffer@~5.1.2:
  version "5.1.2"
  resolved "https://registry.yarnpkg.com/safe-buffer/-/safe-buffer-5.1.2.tgz#991ec69d296e0313747d59bdfd2b745c35f8828d"
  integrity sha512-Gd2UZBJDkXlY7GbJxfsE8/nvKkUEU1G38c1siN6QP6a9PT9MmHB8GnpscSmMJSoF8LOIrt8ud/wPtojys4G6+g==

safe-buffer@~5.2.1:
  version "5.2.1"
  resolved "https://registry.yarnpkg.com/safe-buffer/-/safe-buffer-5.2.1.tgz#1eaf9fa9bdb1fdd4ec75f58f9cdb4e6b7827eec6"
  integrity sha512-rp3So07KcdmmKbGvgaNxQSJr7bGVSVk5S9Eq1F+ppbRo70+YeaDxkw5Dd8NPN+GD6bjnYm2VuPuCXmpuYvmCXQ==

standard-as-callback@^2.1.0:
  version "2.1.0"
  resolved "https://registry.yarnpkg.com/standard-as-callback/-/standard-as-callback-2.1.0.tgz#8953fc05359868a77b5b9739a665c5977bb7df45"
  integrity sha512-qoRRSyROncaz1z0mvYqIE4lCd9p2R90i6GxW3uZv5ucSu8tU7B5HXUP1gG8pVZsYNVaXjk8ClXHPttLyxAL48A==

string_decoder@~0.10.x:
  version "0.10.31"
  resolved "https://registry.yarnpkg.com/string_decoder/-/string_decoder-0.10.31.tgz#62e203bc41766c6c28c9fc84301dab1c5310fa94"
  integrity sha1-YuIDvEF2bGwoyfyEMB2rHFMQ+pQ=

url-parse@~1.5.1:
  version "1.5.1"
  resolved "https://registry.yarnpkg.com/url-parse/-/url-parse-1.5.1.tgz#d5fa9890af8a5e1f274a2c98376510f6425f6e3b"
  integrity sha512-HOfCOUJt7iSYzEx/UqgtwKRMC6EU91NFhsCHMv9oM03VJcVo2Qrp8T8kI9D7amFf1cu+/3CEhgb3rF9zL7k85Q==
  dependencies:
    querystringify "^2.1.1"
    requires-port "^1.0.0"

uuid@^3.3.2:
  version "3.4.0"
  resolved "https://registry.yarnpkg.com/uuid/-/uuid-3.4.0.tgz#b23e4358afa8a202fe7a100af1f5f883f02007ee"
  integrity sha512-HjSDRw6gZE5JMggctHBcjVak08+KEVhSIiDzFnT9S9aegmp85S/bReBVTb4QTFaRNptJ9kuYaNhnbNEOkbKb/A==
